dependencies:
  cherry-embedded/cherryusb:
    component_hash: 599e1b332c73c3c7413b3eaea4ba66ebc27305189bf98f8eb888b65e79c44c65
    dependencies:
    - name: idf
      require: private
      version: '>=5.0'
    source:
      registry_url: https://components.espressif.com/
      type: service
    targets:
    - esp32s2
    - esp32s3
    - esp32p4
    version: 1.4.3
  espressif/mdns:
    component_hash: 3ec0af5f6bce310512e90f482388d21cc7c0e99668172d2f895356165fc6f7c5
    dependencies:
    - name: idf
      require: private
      version: '>=5.0'
    source:
      registry_url: https://components.espressif.com/
      type: service
    version: 1.8.2
  idf:
    source:
      type: idf
    version: 5.1.6
direct_dependencies:
- cherry-embedded/cherryusb
- espressif/mdns
- idf
manifest_hash: 15e9b35cdd8b0ee3e59d490bcec1c04407624987235a3cf1c517442580dcf09f
target: esp32s3
version: 2.0.0
